
Microsoft Visual Studio Solution File, Format Version 12.00
# Visual Studio 15
VisualStudioVersion = 15.0.27428.2037
MinimumVisualStudioVersion = 10.0.40219.1
Project("{9A19103F-16F7-4668-BE54-9A1E7A4F7556}") = "HangfireCore2", "HangfireCore2.csproj", "{9AFC4563-94F9-4538-8D06-447624513E9B}"
EndProject
Global
	GlobalSection(SolutionConfigurationPlatforms) = preSolution
		Debug|Any CPU = Debug|Any CPU
		Release|Any CPU = Release|Any CPU
	EndGlobalSection
	GlobalSection(ProjectConfigurationPlatforms) = postSolution
		{9AFC4563-94F9-4538-8D06-447624513E9B}.Debug|Any CPU.ActiveCfg = Debug|Any CPU
		{9AFC4563-94F9-4538-8D06-447624513E9B}.Debug|Any CPU.Build.0 = Debug|Any CPU
		{9AFC4563-94F9-4538-8D06-447624513E9B}.Release|Any CPU.ActiveCfg = Release|Any CPU
		{9AFC4563-94F9-4538-8D06-447624513E9B}.Release|Any CPU.Build.0 = Release|Any CPU
	EndGlobalSection
	GlobalSection(SolutionProperties) = preSolution
		HideSolutionNode = FALSE
	EndGlobalSection
	GlobalSection(ExtensibilityGlobals) = postSolution
		SolutionGuid = {09CAD92F-09AC-4457-BA3D-8A842EF145BA}
	EndGlobalSection
EndGlobal
